
Microsoft Visual Studio Solution File, Format Version 12.00
# Visual Studio Version 16
VisualStudioVersion = 16.0.29326.143
MinimumVisualStudioVersion = 10.0.40219.1
Project("{FAE04EC0-301F-11D3-BF4B-00C04F79EFBC}") = "Producer", "Producer\Producer.csproj", "{92425EC6-7816-464E-B9E8-0053DE285669}"
EndProject
Project("{FAE04EC0-301F-11D3-BF4B-00C04F79EFBC}") = "Consumer", "Consumer\Consumer.csproj", "{7701A587-67F5-4B66-AB4B-BF559E54A448}"
EndProject
Global
	GlobalSection(SolutionConfigurationPlatforms) = preSolution
		Debug|Any CPU = Debug|Any CPU
		Release|Any CPU = Release|Any CPU
	EndGlobalSection
	GlobalSection(ProjectConfigurationPlatforms) = postSolution
		{92425EC6-7816-464E-B9E8-0053DE285669}.Debug|Any CPU.ActiveCfg = Debug|Any CPU
		{92425EC6-7816-464E-B9E8-0053DE285669}.Debug|Any CPU.Build.0 = Debug|Any CPU
		{92425EC6-7816-464E-B9E8-0053DE285669}.Release|Any CPU.ActiveCfg = Release|Any CPU
		{92425EC6-7816-464E-B9E8-0053DE285669}.Release|Any CPU.Build.0 = Release|Any CPU
		{7701A587-67F5-4B66-AB4B-BF559E54A448}.Debug|Any CPU.ActiveCfg = Debug|Any CPU
		{7701A587-67F5-4B66-AB4B-BF559E54A448}.Debug|Any CPU.Build.0 = Debug|Any CPU
		{7701A587-67F5-4B66-AB4B-BF559E54A448}.Release|Any CPU.ActiveCfg = Release|Any CPU
		{7701A587-67F5-4B66-AB4B-BF559E54A448}.Release|Any CPU.Build.0 = Release|Any CPU
	EndGlobalSection
	GlobalSection(SolutionProperties) = preSolution
		HideSolutionNode = FALSE
	EndGlobalSection
	GlobalSection(ExtensibilityGlobals) = postSolution
		SolutionGuid = {72772E93-E5DA-47BF-AEAF-4FCDD24F708B}
	EndGlobalSection
EndGlobal
